
Microsoft Visual Studio Solution File, Format Version 12.00
# Visual Studio Version 17
VisualStudioVersion = 17.14.36414.22
MinimumVisualStudioVersion = 10.0.40219.1
Project("{FAE04EC0-301F-11D3-BF4B-00C04F79EFBC}") = "DataBinding.DataObject", "DataBinding.DataObject\DataBinding.DataObject.csproj", "{C78A372A-DFF4-4156-A869-80299C7F53A6}"
EndProject
Project("{FAE04EC0-301F-11D3-BF4B-00C04F79EFBC}") = "DataBinding.XamlElement", "DataBinding.XamlElement\DataBinding.XamlElement.csproj", "{FB44BEC8-6310-4A3F-BA77-EAA6E1A49BB4}"
EndProject
Project("{FAE04EC0-301F-11D3-BF4B-00C04F79EFBC}") = "DataBinding.Coleccion", "DataBinding.Coleccion\DataBinding.Coleccion.csproj", "{F91AFE26-6505-4817-B0BC-037B1BB5B5CF}"
EndProject
Global
	GlobalSection(SolutionConfigurationPlatforms) = preSolution
		Debug|Any CPU = Debug|Any CPU
		Release|Any CPU = Release|Any CPU
	EndGlobalSection
	GlobalSection(ProjectConfigurationPlatforms) = postSolution
		{C78A372A-DFF4-4156-A869-80299C7F53A6}.Debug|Any CPU.ActiveCfg = Debug|Any CPU
		{C78A372A-DFF4-4156-A869-80299C7F53A6}.Debug|Any CPU.Build.0 = Debug|Any CPU
		{C78A372A-DFF4-4156-A869-80299C7F53A6}.Debug|Any CPU.Deploy.0 = Debug|Any CPU
		{C78A372A-DFF4-4156-A869-80299C7F53A6}.Release|Any CPU.ActiveCfg = Release|Any CPU
		{C78A372A-DFF4-4156-A869-80299C7F53A6}.Release|Any CPU.Build.0 = Release|Any CPU
		{FB44BEC8-6310-4A3F-BA77-EAA6E1A49BB4}.Debug|Any CPU.ActiveCfg = Debug|Any CPU
		{FB44BEC8-6310-4A3F-BA77-EAA6E1A49BB4}.Debug|Any CPU.Build.0 = Debug|Any CPU
		{FB44BEC8-6310-4A3F-BA77-EAA6E1A49BB4}.Release|Any CPU.ActiveCfg = Release|Any CPU
		{FB44BEC8-6310-4A3F-BA77-EAA6E1A49BB4}.Release|Any CPU.Build.0 = Release|Any CPU
		{F91AFE26-6505-4817-B0BC-037B1BB5B5CF}.Debug|Any CPU.ActiveCfg = Debug|Any CPU
		{F91AFE26-6505-4817-B0BC-037B1BB5B5CF}.Debug|Any CPU.Build.0 = Debug|Any CPU
		{F91AFE26-6505-4817-B0BC-037B1BB5B5CF}.Release|Any CPU.ActiveCfg = Release|Any CPU
		{F91AFE26-6505-4817-B0BC-037B1BB5B5CF}.Release|Any CPU.Build.0 = Release|Any CPU
	EndGlobalSection
	GlobalSection(SolutionProperties) = preSolution
		HideSolutionNode = FALSE
	EndGlobalSection
	GlobalSection(ExtensibilityGlobals) = postSolution
		SolutionGuid = {3FC683FD-9CE1-47D1-B3F5-F6677C0F14C4}
	EndGlobalSection
EndGlobal
